// !$*UTF8*$!
{
	archiveVersion = 1;
	classes = {
	};
	objectVersion = 50;
	objects = {

/* Begin PBXBuildFile section */
		AD02F79F22446F990087233D /* AppDelegate.m in Sources */ = {isa = PBXBuildFile; fileRef = AD02F79E22446F990087233D /* AppDelegate.m */; };
		AD02F7A222446F990087233D /* ViewController.m in Sources */ = {isa = PBXBuildFile; fileRef = AD02F7A122446F990087233D /* ViewController.m */; };
		AD02F7A522446F990087233D /* Main.storyboard in Resources */ = {isa = PBXBuildFile; fileRef = AD02F7A322446F990087233D /* Main.storyboard */; };
		AD02F7A722446F9B0087233D /* Assets.xcassets in Resources */ = {isa = PBXBuildFile; fileRef = AD02F7A622446F9B0087233D /* Assets.xcassets */; };
		AD02F7AA22446F9B0087233D /* LaunchScreen.storyboard in Resources */ = {isa = PBXBuildFile; fileRef = AD02F7A822446F9B0087233D /* LaunchScreen.storyboard */; };
		AD02F7AD22446F9B0087233D /* main.m in Sources */ = {isa = PBXBuildFile; fileRef = AD02F7AC22446F9B0087233D /* main.m */; };
/* End PBXBuildFile section */

/* Begin PBXFileReference section */
		AD02F79A22446F990087233D /* HorizontalDemo.app */ = {isa = PBXFileReference; explicitFileType = wrapper.application; includeInIndex = 0; path = HorizontalDemo.app; sourceTree = BUILT_PRODUCTS_DIR; };
		AD02F79D22446F990087233D /* AppDelegate.h */ = {isa = PBXFileReference; lastKnownFileType = sourcecode.c.h; path = AppDelegate.h; sourceTree = "<group>"; };
		AD02F79E22446F990087233D /* AppDelegate.m */ = {isa = PBXFileReference; lastKnownFileType = sourcecode.c.objc; path = AppDelegate.m; sourceTree = "<group>"; };
		AD02F7A022446F990087233D /* ViewController.h */ = {isa = PBXFileReference; lastKnownFileType = sourcecode.c.h; path = ViewController.h; sourceTree = "<group>"; };
		AD02F7A122446F990087233D /* ViewController.m */ = {isa = PBXFileReference; lastKnownFileType = sourcecode.c.objc; path = ViewController.m; sourceTree = "<group>"; };
		AD02F7A422446F990087233D /* Base */ = {isa = PBXFileReference; lastKnownFileType = file.storyboard; name = Base; path = Base.lproj/Main.storyboard; sourceTree = "<group>"; };
		AD02F7A622446F9B0087233D /* Assets.xcassets */ = {isa = PBXFileReference; lastKnownFileType = folder.assetcatalog; path = Assets.xcassets; sourceTree = "<group>"; };
		AD02F7A922446F9B0087233D /* Base */ = {isa = PBXFileReference; lastKnownFileType = file.storyboard; name = Base; path = Base.lproj/LaunchScreen.storyboard; sourceTree = "<group>"; };
		AD02F7AB22446F9B0087233D /* Info.plist */ = {isa = PBXFileReference; lastKnownFileType = text.plist.xml; path = Info.plist; sourceTree = "<group>"; };
		AD02F7AC22446F9B0087233D /* main.m */ = {isa = PBXFileReference; lastKnownFileType = sourcecode.c.objc; path = main.m; sourceTree = "<group>"; };
/* End PBXFileReference section */

/* Begin PBXFrameworksBuildPhase section */
		AD02F79722446F990087233D /* Frameworks */ = {
			isa = PBXFrameworksBuildPhase;
			buildActionMask = 2147483647;
			files = (
			);
			runOnlyForDeploymentPostprocessing = 0;
		};
/* End PBXFrameworksBuildPhase section */

/* Begin PBXGroup section */
		AD02F79122446F990087233D = {
			isa = PBXGroup;
			children = (
				AD02F79C22446F990087233D /* HorizontalDemo */,
				AD02F79B22446F990087233D /* Products */,
			);
			sourceTree = "<group>";
		};
		AD02F79B22446F990087233D /* Products */ = {
			isa = PBXGroup;
			children = (
				AD02F79A22446F990087233D /* HorizontalDemo.app */,
			);
			name = Products;
			sourceTree = "<group>";
		};
		AD02F79C22446F990087233D /* HorizontalDemo */ = {
			isa = PBXGroup;
			children = (
				AD02F79D22446F990087233D /* AppDelegate.h */,
				AD02F79E22446F990087233D /* AppDelegate.m */,
				AD02F7A022446F990087233D /* ViewController.h */,
				AD02F7A122446F990087233D /* ViewController.m */,
				AD02F7A322446F990087233D /* Main.storyboard */,
				AD02F7A622446F9B0087233D /* Assets.xcassets */,
				AD02F7A822446F9B0087233D /* LaunchScreen.storyboard */,
				AD02F7AB22446F9B0087233D /* Info.plist */,
				AD02F7AC22446F9B0087233D /* main.m */,
			);
			path = HorizontalDemo;
			sourceTree = "<group>";
		};
/* End PBXGroup section */

/* Begin PBXNativeTarget section */
		AD02F79922446F990087233D /* HorizontalDemo */ = {
			isa = PBXNativeTarget;
			buildConfigurationList = AD02F7B022446F9B0087233D /* Build configuration list for PBXNativeTarget "HorizontalDemo" */;
			buildPhases = (
				AD02F79622446F990087233D /* Sources */,
				AD02F79722446F990087233D /* Frameworks */,
				AD02F79822446F990087233D /* Resources */,
			);
			buildRules = (
			);
			dependencies = (
			);
			name = HorizontalDemo;
			productName = HorizontalDemo;
			productReference = AD02F79A22446F990087233D /* HorizontalDemo.app */;
			productType = "com.apple.product-type.application";
		};
/* End PBXNativeTarget section */

/* Begin PBXProject section */
		AD02F79222446F990087233D /* Project object */ = {
			isa = PBXProject;
			attributes = {
				LastUpgradeCheck = 1010;
				ORGANIZATIONNAME = gejiangs;
				TargetAttributes = {
					AD02F79922446F990087233D = {
						CreatedOnToolsVersion = 10.1;
					};
				};
			};
			buildConfigurationList = AD02F79522446F990087233D /* Build configuration list for PBXProject "HorizontalDemo" */;
			compatibilityVersion = "Xcode 9.3";
			developmentRegion = en;
			hasScannedForEncodings = 0;
			knownRegions = (
				en,
				Base,
			);
			mainGroup = AD02F79122446F990087233D;
			productRefGroup = AD02F79B22446F990087233D /* Products */;
			projectDirPath = "";
			projectRoot = "";
			targets = (
				AD02F79922446F990087233D /* HorizontalDemo */,
			);
		};
/* End PBXProject section */

/* Begin PBXResourcesBuildPhase section */
		AD02F79822446F990087233D /* Resources */ = {
			isa = PBXResourcesBuildPhase;
			buildActionMask = 2147483647;
			files = (
				AD02F7AA22446F9B0087233D /* LaunchScreen.storyboard in Resources */,
				AD02F7A722446F9B0087233D /* Assets.xcassets in Resources */,
				AD02F7A522446F990087233D /* Main.storyboard in Resources */,
			);
			runOnlyForDeploymentPostprocessing = 0;
		};
/* End PBXResourcesBuildPhase section */

/* Begin PBXSourcesBuildPhase section */
		AD02F79622446F990087233D /* Sources */ = {
			isa = PBXSourcesBuildPhase;
			buildActionMask = 2147483647;
			files = (
				AD02F7A222446F990087233D /* ViewController.m in Sources */,
				AD02F7AD22446F9B0087233D /* main.m in Sources */,
				AD02F79F22446F990087233D /* AppDelegate.m in Sources */,
			);
			runOnlyForDeploymentPostprocessing = 0;
		};
/* End PBXSourcesBuildPhase section */

/* Begin PBXVariantGroup section */
		AD02F7A322446F990087233D /* Main.storyboard */ = {
			isa = PBXVariantGroup;
			children = (
				AD02F7A422446F990087233D /* Base */,
			);
			name = Main.storyboard;
			sourceTree = "<group>";
		};
		AD02F7A822446F9B0087233D /* LaunchScreen.storyboard */ = {
			isa = PBXVariantGroup;
			children = (
				AD02F7A922446F9B0087233D /* Base */,
			);
			name = LaunchScreen.storyboard;
			sourceTree = "<group>";
		};
/* End PBXVariantGroup section */

/* Begin XCBuildConfiguration section */
		AD02F7AE22446F9B0087233D /* Debug */ = {
			isa = XCBuildConfiguration;
			buildSettings = {
				ALWAYS_SEARCH_USER_PATHS = NO;
				CLANG_ANALYZER_NONNULL = YES;
				CLANG_ANALYZER_NUMBER_OBJECT_CONVERSION = YES_AGGRESSIVE;
				CLANG_CXX_LANGUAGE_STANDARD = "gnu++14";
				CLANG_CXX_LIBRARY = "libc++";
				CLANG_ENABLE_MODULES = YES;
				CLANG_ENABLE_OBJC_ARC = YES;
				CLANG_ENABLE_OBJC_WEAK = YES;
				CLANG_WARN_BLOCK_CAPTURE_AUTORELEASING = YES;
				CLANG_WARN_BOOL_CONVERSION = YES;
				CLANG_WARN_COMMA = YES;
				CLANG_WARN_CONSTANT_CONVERSION = YES;
				CLANG_WARN_DEPRECATED_OBJC_IMPLEMENTATIONS = YES;
				CLANG_WARN_DIRECT_OBJC_ISA_USAGE = YES_ERROR;
				CLANG_WARN_DOCUMENTATION_COMMENTS = YES;
				CLANG_WARN_EMPTY_BODY = YES;
				CLANG_WARN_ENUM_CONVERSION = YES;
				CLANG_WARN_INFINITE_RECURSION = YES;
				CLANG_WARN_INT_CONVERSION = YES;
				CLANG_WARN_NON_LITERAL_NULL_CONVERSION = YES;
				CLANG_WARN_OBJC_IMPLICIT_RETAIN_SELF = YES;
				CLANG_WARN_OBJC_LITERAL_CONVERSION = YES;
				CLANG_WARN_OBJC_ROOT_CLASS = YES_ERROR;
				CLANG_WARN_RANGE_LOOP_ANALYSIS = YES;
				CLANG_WARN_STRICT_PROTOTYPES = YES;
				CLANG_WARN_SUSPICIOUS_MOVE = YES;
				CLANG_WARN_UNGUARDED_AVAILABILITY = YES_AGGRESSIVE;
				CLANG_WARN_UNREACHABLE_CODE = YES;
				CLANG_WARN__DUPLICATE_METHOD_MATCH = YES;
				CODE_SIGN_IDENTITY = "iPhone Developer";
				COPY_PHASE_STRIP = NO;
				DEBUG_INFORMATION_FORMAT = dwarf;
				ENABLE_STRICT_OBJC_MSGSEND = YES;
				ENABLE_TESTABILITY = YES;
				GCC_C_LANGUAGE_STANDARD = gnu11;
				GCC_DYNAMIC_NO_PIC = NO;
				GCC_NO_COMMON_BLOCKS = YES;
				GCC_OPTIMIZATION_LEVEL = 0;
				GCC_PREPROCESSOR_DEFINITIONS = (
					"DEBUG=1",
					"$(inherited)",
				);
				GCC_WARN_64_TO_32_BIT_CONVERSION = YES;
				GCC_WARN_ABOUT_RETURN_TYPE = YES_ERROR;
				GCC_WARN_UNDECLARED_SELECTOR = YES;
				GCC_WARN_UNINITIALIZED_AUTOS = YES_AGGRESSIVE;
				GCC_WARN_UNUSED_FUNCTION = YES;
				GCC_WARN_UNUSED_VARIABLE = YES;
				IPHONEOS_DEPLOYMENT_TARGET = 12.1;
				MTL_ENABLE_DEBUG_INFO = INCLUDE_SOURCE;
				MTL_FAST_MATH = YES;
				ONLY_ACTIVE_ARCH = YES;
				SDKROOT = iphoneos;
			};
			name = Debug;
		};
		AD02F7AF22446F9B0087233D /* Release */ = {
			isa = XCBuildConfiguration;
			buildSettings = {
				ALWAYS_SEARCH_USER_PATHS = NO;
				CLANG_ANALYZER_NONNULL = YES;
				CLANG_ANALYZER_NUMBER_OBJECT_CONVERSION = YES_AGGRESSIVE;
				CLANG_CXX_LANGUAGE_STANDARD = "gnu++14";
				CLANG_CXX_LIBRARY = "libc++";
				CLANG_ENABLE_MODULES = YES;
				CLANG_ENABLE_OBJC_ARC = YES;
				CLANG_ENABLE_OBJC_WEAK = YES;
				CLANG_WARN_BLOCK_CAPTURE_AUTORELEASING = YES;
				CLANG_WARN_BOOL_CONVERSION = YES;
				CLANG_WARN_COMMA = YES;
				CLANG_WARN_CONSTANT_CONVERSION = YES;
				CLANG_WARN_DEPRECATED_OBJC_IMPLEMENTATIONS = YES;
				CLANG_WARN_DIRECT_OBJC_ISA_USAGE = YES_ERROR;
				CLANG_WARN_DOCUMENTATION_COMMENTS = YES;
				CLANG_WARN_EMPTY_BODY = YES;
				CLANG_WARN_ENUM_CONVERSION = YES;
				CLANG_WARN_INFINITE_RECURSION = YES;
				CLANG_WARN_INT_CONVERSION = YES;
				CLANG_WARN_NON_LITERAL_NULL_CONVERSION = YES;
				CLANG_WARN_OBJC_IMPLICIT_RETAIN_SELF = YES;
				CLANG_WARN_OBJC_LITERAL_CONVERSION = YES;
				CLANG_WARN_OBJC_ROOT_CLASS = YES_ERROR;
				CLANG_WARN_RANGE_LOOP_ANALYSIS = YES;
				CLANG_WARN_STRICT_PROTOTYPES = YES;
				CLANG_WARN_SUSPICIOUS_MOVE = YES;
				CLANG_WARN_UNGUARDED_AVAILABILITY = YES_AGGRESSIVE;
				CLANG_WARN_UNREACHABLE_CODE = YES;
				CLANG_WARN__DUPLICATE_METHOD_MATCH = YES;
				CODE_SIGN_IDENTITY = "iPhone Developer";
				COPY_PHASE_STRIP = NO;
				DEBUG_INFORMATION_FORMAT = "dwarf-with-dsym";
				ENABLE_NS_ASSERTIONS = NO;
				ENABLE_STRICT_OBJC_MSGSEND = YES;
				GCC_C_LANGUAGE_STANDARD = gnu11;
				GCC_NO_COMMON_BLOCKS = YES;
				GCC_WARN_64_TO_32_BIT_CONVERSION = YES;
				GCC_WARN_ABOUT_RETURN_TYPE = YES_ERROR;
				GCC_WARN_UNDECLARED_SELECTOR = YES;
				GCC_WARN_UNINITIALIZED_AUTOS = YES_AGGRESSIVE;
				GCC_WARN_UNUSED_FUNCTION = YES;
				GCC_WARN_UNUSED_VARIABLE = YES;
				IPHONEOS_DEPLOYMENT_TARGET = 12.1;
				MTL_ENABLE_DEBUG_INFO = NO;
				MTL_FAST_MATH = YES;
				SDKROOT = iphoneos;
				VALIDATE_PRODUCT = YES;
			};
			name = Release;
		};
		AD02F7B122446F9B0087233D /* Debug */ = {
			isa = XCBuildConfiguration;
			buildSettings = {
				ASSETCATALOG_COMPILER_APPICON_NAME = AppIcon;
				CODE_SIGN_STYLE = Automatic;
				DEVELOPMENT_TEAM = B4VX949QFW;
				INFOPLIST_FILE = HorizontalDemo/Info.plist;
				LD_RUNPATH_SEARCH_PATHS = (
					"$(inherited)",
					"@executable_path/Frameworks",
				);
				PRODUCT_BUNDLE_IDENTIFIER = com.gejiangs.HorizontalDemo;
				PRODUCT_NAME = "$(TARGET_NAME)";
				TARGETED_DEVICE_FAMILY = "1,2";
			};
			name = Debug;
		};
		AD02F7B222446F9B0087233D /* Release */ = {
			isa = XCBuildConfiguration;
			buildSettings = {
				ASSETCATALOG_COMPILER_APPICON_NAME = AppIcon;
				CODE_SIGN_STYLE = Automatic;
				DEVELOPMENT_TEAM = B4VX949QFW;
				INFOPLIST_FILE = HorizontalDemo/Info.plist;
				LD_RUNPATH_SEARCH_PATHS = (
					"$(inherited)",
					"@executable_path/Frameworks",
				);
				PRODUCT_BUNDLE_IDENTIFIER = com.gejiangs.HorizontalDemo;
				PRODUCT_NAME = "$(TARGET_NAME)";
				TARGETED_DEVICE_FAMILY = "1,2";
			};
			name = Release;
		};
/* End XCBuildConfiguration section */

/* Begin XCConfigurationList section */
		AD02F79522446F990087233D /* Build configuration list for PBXProject "HorizontalDemo" */ = {
			isa = XCConfigurationList;
			buildConfigurations = (
				AD02F7AE22446F9B0087233D /* Debug */,
				AD02F7AF22446F9B0087233D /* Release */,
			);
			defaultConfigurationIsVisible = 0;
			defaultConfigurationName = Release;
		};
		AD02F7B022446F9B0087233D /* Build configuration list for PBXNativeTarget "HorizontalDemo" */ = {
			isa = XCConfigurationList;
			buildConfigurations = (
				AD02F7B122446F9B0087233D /* Debug */,
				AD02F7B222446F9B0087233D /* Release */,
			);
			defaultConfigurationIsVisible = 0;
			defaultConfigurationName = Release;
		};
/* End XCConfigurationList section */
	};
	rootObject = AD02F79222446F990087233D /* Project object */;
}
